
Microsoft Visual Studio Solution File, Format Version 12.00
# Visual Studio Version 17
VisualStudioVersion = 17.3.32901.215
MinimumVisualStudioVersion = 10.0.40219.1
Project("{FAE04EC0-301F-11D3-BF4B-00C04F79EFBC}") = "Day6", "Day6.csproj", "{CC4508E9-28FF-4B11-A198-2B687F831F52}"
EndProject
Global
	GlobalSection(SolutionConfigurationPlatforms) = preSolution
		Debug|Any CPU = Debug|Any CPU
		Release|Any CPU = Release|Any CPU
	EndGlobalSection
	GlobalSection(ProjectConfigurationPlatforms) = postSolution
		{CC4508E9-28FF-4B11-A198-2B687F831F52}.Debug|Any CPU.ActiveCfg = Debug|Any CPU
		{CC4508E9-28FF-4B11-A198-2B687F831F52}.Debug|Any CPU.Build.0 = Debug|Any CPU
		{CC4508E9-28FF-4B11-A198-2B687F831F52}.Release|Any CPU.ActiveCfg = Release|Any CPU
		{CC4508E9-28FF-4B11-A198-2B687F831F52}.Release|Any CPU.Build.0 = Release|Any CPU
	EndGlobalSection
	GlobalSection(SolutionProperties) = preSolution
		HideSolutionNode = FALSE
	EndGlobalSection
	GlobalSection(ExtensibilityGlobals) = postSolution
		SolutionGuid = {6ABB54C8-FD04-4656-9D16-D5E5C08A648A}
	EndGlobalSection
EndGlobal
