
Microsoft Visual Studio Solution File, Format Version 12.00
# Visual Studio Version 17
VisualStudioVersion = 17.3.32901.215
MinimumVisualStudioVersion = 10.0.40219.1
Project("{FAE04EC0-301F-11D3-BF4B-00C04F79EFBC}") = "Day13_MVC_Lifecycle", "Day13_MVC_Lifecycle.csproj", "{F9BB1130-8F8F-4AC8-B69C-F74D53426FA0}"
EndProject
Global
	GlobalSection(SolutionConfigurationPlatforms) = preSolution
		Debug|Any CPU = Debug|Any CPU
		Release|Any CPU = Release|Any CPU
	EndGlobalSection
	GlobalSection(ProjectConfigurationPlatforms) = postSolution
		{F9BB1130-8F8F-4AC8-B69C-F74D53426FA0}.Debug|Any CPU.ActiveCfg = Debug|Any CPU
		{F9BB1130-8F8F-4AC8-B69C-F74D53426FA0}.Debug|Any CPU.Build.0 = Debug|Any CPU
		{F9BB1130-8F8F-4AC8-B69C-F74D53426FA0}.Release|Any CPU.ActiveCfg = Release|Any CPU
		{F9BB1130-8F8F-4AC8-B69C-F74D53426FA0}.Release|Any CPU.Build.0 = Release|Any CPU
	EndGlobalSection
	GlobalSection(SolutionProperties) = preSolution
		HideSolutionNode = FALSE
	EndGlobalSection
	GlobalSection(ExtensibilityGlobals) = postSolution
		SolutionGuid = {6954766A-D1D2-442C-9B8F-AE2A41B1319E}
	EndGlobalSection
EndGlobal
