
Microsoft Visual Studio Solution File, Format Version 12.00
# Visual Studio Version 17
VisualStudioVersion = 17.3.32901.215
MinimumVisualStudioVersion = 10.0.40219.1
Project("{FAE04EC0-301F-11D3-BF4B-00C04F79EFBC}") = "Task1_Day13", "Task1_Day13.csproj", "{E17B5109-3624-4CFE-AE7F-16CB817C463E}"
EndProject
Global
	GlobalSection(SolutionConfigurationPlatforms) = preSolution
		Debug|Any CPU = Debug|Any CPU
		Release|Any CPU = Release|Any CPU
	EndGlobalSection
	GlobalSection(ProjectConfigurationPlatforms) = postSolution
		{E17B5109-3624-4CFE-AE7F-16CB817C463E}.Debug|Any CPU.ActiveCfg = Debug|Any CPU
		{E17B5109-3624-4CFE-AE7F-16CB817C463E}.Debug|Any CPU.Build.0 = Debug|Any CPU
		{E17B5109-3624-4CFE-AE7F-16CB817C463E}.Release|Any CPU.ActiveCfg = Release|Any CPU
		{E17B5109-3624-4CFE-AE7F-16CB817C463E}.Release|Any CPU.Build.0 = Release|Any CPU
	EndGlobalSection
	GlobalSection(SolutionProperties) = preSolution
		HideSolutionNode = FALSE
	EndGlobalSection
	GlobalSection(ExtensibilityGlobals) = postSolution
		SolutionGuid = {857BA486-1436-4DE1-B8BF-7415D93CC654}
	EndGlobalSection
EndGlobal
