
Microsoft Visual Studio Solution File, Format Version 12.00
# Visual Studio Version 17
VisualStudioVersion = 17.3.32901.215
MinimumVisualStudioVersion = 10.0.40219.1
Project("{FAE04EC0-301F-11D3-BF4B-00C04F79EFBC}") = "Day8", "Day8.csproj", "{8A5B60BD-1FC3-4BF5-98F2-8EBC93DA6C71}"
EndProject
Global
	GlobalSection(SolutionConfigurationPlatforms) = preSolution
		Debug|Any CPU = Debug|Any CPU
		Release|Any CPU = Release|Any CPU
	EndGlobalSection
	GlobalSection(ProjectConfigurationPlatforms) = postSolution
		{8A5B60BD-1FC3-4BF5-98F2-8EBC93DA6C71}.Debug|Any CPU.ActiveCfg = Debug|Any CPU
		{8A5B60BD-1FC3-4BF5-98F2-8EBC93DA6C71}.Debug|Any CPU.Build.0 = Debug|Any CPU
		{8A5B60BD-1FC3-4BF5-98F2-8EBC93DA6C71}.Release|Any CPU.ActiveCfg = Release|Any CPU
		{8A5B60BD-1FC3-4BF5-98F2-8EBC93DA6C71}.Release|Any CPU.Build.0 = Release|Any CPU
	EndGlobalSection
	GlobalSection(SolutionProperties) = preSolution
		HideSolutionNode = FALSE
	EndGlobalSection
	GlobalSection(ExtensibilityGlobals) = postSolution
		SolutionGuid = {DFA2C362-688D-4227-9E34-EAEFAA084897}
	EndGlobalSection
EndGlobal
