
Microsoft Visual Studio Solution File, Format Version 12.00
# Visual Studio Version 17
VisualStudioVersion = 17.3.32901.215
MinimumVisualStudioVersion = 10.0.40219.1
Project("{FAE04EC0-301F-11D3-BF4B-00C04F79EFBC}") = "BarberShopSystem", "BarberShopSystem.csproj", "{84DD492C-F054-4D51-9D8C-8920142310AF}"
EndProject
Global
	GlobalSection(SolutionConfigurationPlatforms) = preSolution
		Debug|Any CPU = Debug|Any CPU
		Release|Any CPU = Release|Any CPU
	EndGlobalSection
	GlobalSection(ProjectConfigurationPlatforms) = postSolution
		{84DD492C-F054-4D51-9D8C-8920142310AF}.Debug|Any CPU.ActiveCfg = Debug|Any CPU
		{84DD492C-F054-4D51-9D8C-8920142310AF}.Debug|Any CPU.Build.0 = Debug|Any CPU
		{84DD492C-F054-4D51-9D8C-8920142310AF}.Release|Any CPU.ActiveCfg = Release|Any CPU
		{84DD492C-F054-4D51-9D8C-8920142310AF}.Release|Any CPU.Build.0 = Release|Any CPU
	EndGlobalSection
	GlobalSection(SolutionProperties) = preSolution
		HideSolutionNode = FALSE
	EndGlobalSection
	GlobalSection(ExtensibilityGlobals) = postSolution
		SolutionGuid = {778A6431-8D6D-465F-8FCC-406C87685BF4}
	EndGlobalSection
EndGlobal
